
Microsoft Visual Studio Solution File, Format Version 12.00
# Visual Studio Version 16
VisualStudioVersion = 16.0.31515.178
MinimumVisualStudioVersion = 10.0.40219.1
Project("{FAE04EC0-301F-11D3-BF4B-00C04F79EFBC}") = "NovaLocadora", "NovaLocadora\NovaLocadora.csproj", "{55A0C3DA-CF45-4D25-A17D-AEE62D453FE7}"
EndProject
Global
	GlobalSection(SolutionConfigurationPlatforms) = preSolution
		Debug|Any CPU = Debug|Any CPU
		Release|Any CPU = Release|Any CPU
	EndGlobalSection
	GlobalSection(ProjectConfigurationPlatforms) = postSolution
		{55A0C3DA-CF45-4D25-A17D-AEE62D453FE7}.Debug|Any CPU.ActiveCfg = Debug|Any CPU
		{55A0C3DA-CF45-4D25-A17D-AEE62D453FE7}.Debug|Any CPU.Build.0 = Debug|Any CPU
		{55A0C3DA-CF45-4D25-A17D-AEE62D453FE7}.Release|Any CPU.ActiveCfg = Release|Any CPU
		{55A0C3DA-CF45-4D25-A17D-AEE62D453FE7}.Release|Any CPU.Build.0 = Release|Any CPU
	EndGlobalSection
	GlobalSection(SolutionProperties) = preSolution
		HideSolutionNode = FALSE
	EndGlobalSection
	GlobalSection(ExtensibilityGlobals) = postSolution
		SolutionGuid = {7ED03415-E5EA-41E7-A565-761E99808B75}
	EndGlobalSection
EndGlobal
